<?xml version="1.0" encoding="utf-8"?>
<Project ToolsVersion="4.0" xmlns="http://schemas.microsoft.com/developer/msbuild/2003">
  <ItemGroup>
    <Filter Include="Source Files">
      <UniqueIdentifier>{4FC737F1-C7A5-4376-A066-2A32D752A2FF}</UniqueIdentifier>
      <Extensions>cpp;c;cc;cxx;def;odl;idl;hpj;bat;asm;asmx</Extensions>
    </Filter>
    <Filter Include="Header Files">
      <UniqueIdentifier>{93995380-89BD-4b04-88EB-625FBE52EBFB}</UniqueIdentifier>
      <Extensions>h;hpp;hxx;hm;inl;inc;xsd</Extensions>
    </Filter>
    <Filter Include="Resource Files">
      <UniqueIdentifier>{67DA6AB6-F800-4c08-8B7A-83BB121AAD01}</UniqueIdentifier>
      <Extensions>rc;ico;cur;bmp;dlg;rc2;rct;bin;rgs;gif;jpg;jpeg;jpe;resx;tiff;tif;png;wav;mfcribbon-ms</Extensions>
    </Filter>
  </ItemGroup>
  <ItemGroup>
    <Text Include="ReadMe.txt" />
  </ItemGroup>
  <ItemGroup>
    <ClInclude Include="MASTER.h">
      <Filter>Header Files</Filter>
    </ClInclude>
    <ClInclude Include="MASTERDlg.h">
      <Filter>Header Files</Filter>
    </ClInclude>
    <ClInclude Include="stdafx.h">
      <Filter>Header Files</Filter>
    </ClInclude>
    <ClInclude Include="targetver.h">
      <Filter>Header Files</Filter>
    </ClInclude>
    <ClInclude Include="Resource.h">
      <Filter>Header Files</Filter>
    </ClInclude>
    <ClInclude Include="ntgraphctrl.h">
      <Filter>Header Files</Filter>
    </ClInclude>
    <ClInclude Include="_Picture.h">
      <Filter>Header Files</Filter>
    </ClInclude>
    <ClInclude Include="_Font.h">
      <Filter>Header Files</Filter>
    </ClInclude>
    <ClInclude Include="ParaSweepDlg.h">
      <Filter>Header Files</Filter>
    </ClInclude>
    <ClInclude Include="DataPack.h">
      <Filter>Header Files</Filter>
    </ClInclude>
    <ClInclude Include="CONST.h">
      <Filter>Header Files</Filter>
    </ClInclude>
    <ClInclude Include="DEVICE.h">
      <Filter>Header Files</Filter>
    </ClInclude>
    <ClInclude Include="TaskInterface.h">
      <Filter>Header Files</Filter>
    </ClInclude>
    <ClInclude Include="StateMapDlg.h">
      <Filter>Header Files</Filter>
    </ClInclude>
    <ClInclude Include="MagnetometryDlg.h">
      <Filter>Header Files</Filter>
    </ClInclude>
    <ClInclude Include="MagnetometryGradDlg.h">
      <Filter>Header Files</Filter>
    </ClInclude>
    <ClInclude Include="SpinPackSWP.h">
      <Filter>Header Files</Filter>
    </ClInclude>
    <ClInclude Include="SpinPackSWPDev.h">
      <Filter>Header Files</Filter>
    </ClInclude>
    <ClInclude Include="EDMSignalPack.h">
      <Filter>Header Files</Filter>
    </ClInclude>
    <ClInclude Include="HVpolarity.h">
      <Filter>Header Files</Filter>
    </ClInclude>
    <ClInclude Include="EDMScanPack.h">
      <Filter>Header Files</Filter>
    </ClInclude>
    <ClInclude Include="EDMSCANPlotDlg.h">
      <Filter>Header Files</Filter>
    </ClInclude>
    <ClInclude Include="SelectedChannels.h">
      <Filter>Header Files</Filter>
    </ClInclude>
    <ClInclude Include="LoopCtrlUIDlg.h">
      <Filter>Header Files</Filter>
    </ClInclude>
  </ItemGroup>
  <ItemGroup>
    <ClCompile Include="MASTER.cpp">
      <Filter>Source Files</Filter>
    </ClCompile>
    <ClCompile Include="MASTERDlg.cpp">
      <Filter>Source Files</Filter>
    </ClCompile>
    <ClCompile Include="stdafx.cpp">
      <Filter>Source Files</Filter>
    </ClCompile>
    <ClCompile Include="ntgraphctrl.cpp">
      <Filter>Source Files</Filter>
    </ClCompile>
    <ClCompile Include="ParaSweepDlg.cpp">
      <Filter>Source Files</Filter>
    </ClCompile>
    <ClCompile Include="StateMapDlg.cpp">
      <Filter>Source Files</Filter>
    </ClCompile>
    <ClCompile Include="MagnetometryDlg.cpp">
      <Filter>Source Files</Filter>
    </ClCompile>
    <ClCompile Include="MagnetometryGradDlg.cpp">
      <Filter>Source Files</Filter>
    </ClCompile>
    <ClCompile Include="SpinPackSWP.cpp">
      <Filter>Source Files</Filter>
    </ClCompile>
    <ClCompile Include="EDMSCANPlotDlg.cpp">
      <Filter>Source Files</Filter>
    </ClCompile>
    <ClCompile Include="LoopCtrlUIDlg.cpp">
      <Filter>Source Files</Filter>
    </ClCompile>
  </ItemGroup>
  <ItemGroup>
    <ResourceCompile Include="MASTER.rc">
      <Filter>Resource Files</Filter>
    </ResourceCompile>
  </ItemGroup>
  <ItemGroup>
    <None Include="res\MASTER.rc2">
      <Filter>Resource Files</Filter>
    </None>
    <None Include="ClassDiagram.cd" />
    <None Include="ClassDiagram1.cd" />
    <None Include="ClassDiagram2.cd" />
  </ItemGroup>
  <ItemGroup>
    <Image Include="res\MASTER.ico">
      <Filter>Resource Files</Filter>
    </Image>
    <Image Include="res\edm.ico">
      <Filter>Resource Files</Filter>
    </Image>
    <Image Include="res\icon1.ico">
      <Filter>Resource Files</Filter>
    </Image>
    <Image Include="res\scan.ico">
      <Filter>Resource Files</Filter>
    </Image>
    <Image Include="res\map.ico">
      <Filter>Resource Files</Filter>
    </Image>
    <Image Include="res\magnetic.ico">
      <Filter>Resource Files</Filter>
    </Image>
    <Image Include="res\android.ico">
      <Filter>Resource Files</Filter>
    </Image>
  </ItemGroup>
</Project>